{
  "version": 4,
  "terraform_version": "1.0.10",
  "serial": 1,
  "lineage": "fc70e127-dc89-d837-dfdb-583ae3c14afe",
  "outputs": {},
  "resources": [
    {
      "mode": "managed",
      "type": "alicloud_oss_bucket",
      "name": "hanxuan-test-4",
      "provider": "provider[\"registry.terraform.io/hashicorp/alicloud\"]",
      "instances": [
        {
          "schema_version": 0,
          "attributes": {
            "acl": "private",
            "bucket": "hanxuan-test-4",
            "cors_rule": [],
            "creation_date": "2021-11-10",
            "extranet_endpoint": "oss-cn-hangzhou.aliyuncs.com",
            "force_destroy": false,
            "id": "hanxuan-test-4",
            "intranet_endpoint": "oss-cn-hangzhou-internal.aliyuncs.com",
            "lifecycle_rule": [],
            "location": "oss-cn-hangzhou",
            "logging": [],
            "logging_isenable": null,
            "owner": "1209499623904865",
            "policy": "",
            "redundancy_type": "LRS",
            "referer_config": [],
            "server_side_encryption_rule": [],
            "storage_class": "Standard",
            "tags": null,
            "transfer_acceleration": [],
            "versioning": [],
            "website": []
          },
          "sensitive_attributes": [],
          "private": "bnVsbA=="
        }
      ]
    }
  ]
}
